
Microsoft Visual Studio Solution File, Format Version 12.00
# Visual Studio Version 17
VisualStudioVersion = 17.10.34928.147
MinimumVisualStudioVersion = 10.0.40219.1
Project("{FAE04EC0-301F-11D3-BF4B-00C04F79EFBC}") = "Laboratory_1", "Laboratory_1\Laboratory_1.csproj", "{F662E434-0BF9-4102-B270-9E56BC90C4BB}"
EndProject
Global
	GlobalSection(SolutionConfigurationPlatforms) = preSolution
		Debug|Any CPU = Debug|Any CPU
		Release|Any CPU = Release|Any CPU
	EndGlobalSection
	GlobalSection(ProjectConfigurationPlatforms) = postSolution
		{F662E434-0BF9-4102-B270-9E56BC90C4BB}.Debug|Any CPU.ActiveCfg = Debug|Any CPU
		{F662E434-0BF9-4102-B270-9E56BC90C4BB}.Debug|Any CPU.Build.0 = Debug|Any CPU
		{F662E434-0BF9-4102-B270-9E56BC90C4BB}.Release|Any CPU.ActiveCfg = Release|Any CPU
		{F662E434-0BF9-4102-B270-9E56BC90C4BB}.Release|Any CPU.Build.0 = Release|Any CPU
	EndGlobalSection
	GlobalSection(SolutionProperties) = preSolution
		HideSolutionNode = FALSE
	EndGlobalSection
	GlobalSection(ExtensibilityGlobals) = postSolution
		SolutionGuid = {4FDF8A88-64D4-45BC-89C1-CCCF0FBC6C0B}
	EndGlobalSection
EndGlobal
